
Microsoft Visual Studio Solution File, Format Version 12.00
# Visual Studio Version 16
VisualStudioVersion = 16.0.31019.35
MinimumVisualStudioVersion = 10.0.40219.1
Project("{FAE04EC0-301F-11D3-BF4B-00C04F79EFBC}") = "Laba_2", "Laba_2\Laba_2.csproj", "{156D966E-4866-4981-A5FB-AEB986EF16F9}"
EndProject
Project("{FAE04EC0-301F-11D3-BF4B-00C04F79EFBC}") = "carriers", "vehicles\carriers.csproj", "{3B13C63A-A1D9-48F2-A9F5-17AA4777BF39}"
EndProject
Global
	GlobalSection(SolutionConfigurationPlatforms) = preSolution
		Debug|Any CPU = Debug|Any CPU
		Release|Any CPU = Release|Any CPU
	EndGlobalSection
	GlobalSection(ProjectConfigurationPlatforms) = postSolution
		{156D966E-4866-4981-A5FB-AEB986EF16F9}.Debug|Any CPU.ActiveCfg = Debug|Any CPU
		{156D966E-4866-4981-A5FB-AEB986EF16F9}.Debug|Any CPU.Build.0 = Debug|Any CPU
		{156D966E-4866-4981-A5FB-AEB986EF16F9}.Release|Any CPU.ActiveCfg = Release|Any CPU
		{156D966E-4866-4981-A5FB-AEB986EF16F9}.Release|Any CPU.Build.0 = Release|Any CPU
		{3B13C63A-A1D9-48F2-A9F5-17AA4777BF39}.Debug|Any CPU.ActiveCfg = Debug|Any CPU
		{3B13C63A-A1D9-48F2-A9F5-17AA4777BF39}.Debug|Any CPU.Build.0 = Debug|Any CPU
		{3B13C63A-A1D9-48F2-A9F5-17AA4777BF39}.Release|Any CPU.ActiveCfg = Release|Any CPU
		{3B13C63A-A1D9-48F2-A9F5-17AA4777BF39}.Release|Any CPU.Build.0 = Release|Any CPU
	EndGlobalSection
	GlobalSection(SolutionProperties) = preSolution
		HideSolutionNode = FALSE
	EndGlobalSection
	GlobalSection(ExtensibilityGlobals) = postSolution
		SolutionGuid = {F114EBB2-9345-4F57-91BE-149B977483FD}
	EndGlobalSection
EndGlobal
