
Microsoft Visual Studio Solution File, Format Version 12.00
# Visual Studio Version 16
VisualStudioVersion = 16.0.31019.35
MinimumVisualStudioVersion = 10.0.40219.1
Project("{FAE04EC0-301F-11D3-BF4B-00C04F79EFBC}") = "LAB_4", "LAB_4\LAB_4.csproj", "{1A4B0B2B-181A-46A9-9B0E-0FEE084D833A}"
EndProject
Project("{FAE04EC0-301F-11D3-BF4B-00C04F79EFBC}") = "Example", "Example\Example.csproj", "{898C4700-8DDB-42A9-97E9-9EFFC006D171}"
EndProject
Project("{FAE04EC0-301F-11D3-BF4B-00C04F79EFBC}") = "StructureOfActors", "StructureOfActors\StructureOfActors.csproj", "{4FE0C9B8-0836-4BDA-A229-719BC4FF9C1F}"
EndProject
Global
	GlobalSection(SolutionConfigurationPlatforms) = preSolution
		Debug|Any CPU = Debug|Any CPU
		Release|Any CPU = Release|Any CPU
	EndGlobalSection
	GlobalSection(ProjectConfigurationPlatforms) = postSolution
		{1A4B0B2B-181A-46A9-9B0E-0FEE084D833A}.Debug|Any CPU.ActiveCfg = Debug|Any CPU
		{1A4B0B2B-181A-46A9-9B0E-0FEE084D833A}.Debug|Any CPU.Build.0 = Debug|Any CPU
		{1A4B0B2B-181A-46A9-9B0E-0FEE084D833A}.Release|Any CPU.ActiveCfg = Release|Any CPU
		{1A4B0B2B-181A-46A9-9B0E-0FEE084D833A}.Release|Any CPU.Build.0 = Release|Any CPU
		{898C4700-8DDB-42A9-97E9-9EFFC006D171}.Debug|Any CPU.ActiveCfg = Debug|Any CPU
		{898C4700-8DDB-42A9-97E9-9EFFC006D171}.Debug|Any CPU.Build.0 = Debug|Any CPU
		{898C4700-8DDB-42A9-97E9-9EFFC006D171}.Release|Any CPU.ActiveCfg = Release|Any CPU
		{898C4700-8DDB-42A9-97E9-9EFFC006D171}.Release|Any CPU.Build.0 = Release|Any CPU
		{4FE0C9B8-0836-4BDA-A229-719BC4FF9C1F}.Debug|Any CPU.ActiveCfg = Debug|Any CPU
		{4FE0C9B8-0836-4BDA-A229-719BC4FF9C1F}.Debug|Any CPU.Build.0 = Debug|Any CPU
		{4FE0C9B8-0836-4BDA-A229-719BC4FF9C1F}.Release|Any CPU.ActiveCfg = Release|Any CPU
		{4FE0C9B8-0836-4BDA-A229-719BC4FF9C1F}.Release|Any CPU.Build.0 = Release|Any CPU
	EndGlobalSection
	GlobalSection(SolutionProperties) = preSolution
		HideSolutionNode = FALSE
	EndGlobalSection
	GlobalSection(ExtensibilityGlobals) = postSolution
		SolutionGuid = {9ACAAC8A-C1B2-47F5-BE48-F1053AFA7156}
	EndGlobalSection
EndGlobal
